// !$*UTF8*$!
{
	archiveVersion = 1;
	classes = {
	};
	objectVersion = 55;
	objects = {

/* Begin PBXBuildFile section */
		DA5159D82827B52E000341B8 /* AppDelegate.swift in Sources */ = {isa = PBXBuildFile; fileRef = DA5159D72827B52E000341B8 /* AppDelegate.swift */; };
		DA5159DA2827B52E000341B8 /* SceneDelegate.swift in Sources */ = {isa = PBXBuildFile; fileRef = DA5159D92827B52E000341B8 /* SceneDelegate.swift */; };
		DA5159DC2827B52E000341B8 /* ViewController.swift in Sources */ = {isa = PBXBuildFile; fileRef = DA5159DB2827B52E000341B8 /* ViewController.swift */; };
		DA5159DF2827B52E000341B8 /* Main.storyboard in Resources */ = {isa = PBXBuildFile; fileRef = DA5159DD2827B52E000341B8 /* Main.storyboard */; };
		DA5159E22827B52E000341B8 /* Aleksey_Pavlov_vk_profile.xcdatamodeld in Sources */ = {isa = PBXBuildFile; fileRef = DA5159E02827B52E000341B8 /* Aleksey_Pavlov_vk_profile.xcdatamodeld */; };
		DA5159E42827B531000341B8 /* Assets.xcassets in Resources */ = {isa = PBXBuildFile; fileRef = DA5159E32827B531000341B8 /* Assets.xcassets */; };
		DA5159E72827B531000341B8 /* LaunchScreen.storyboard in Resources */ = {isa = PBXBuildFile; fileRef = DA5159E52827B531000341B8 /* LaunchScreen.storyboard */; };
		DA5159F22827B531000341B8 /* Aleksey_Pavlov_vk_profileTests.swift in Sources */ = {isa = PBXBuildFile; fileRef = DA5159F12827B531000341B8 /* Aleksey_Pavlov_vk_profileTests.swift */; };
		DA5159FC2827B531000341B8 /* Aleksey_Pavlov_vk_profileUITests.swift in Sources */ = {isa = PBXBuildFile; fileRef = DA5159FB2827B531000341B8 /* Aleksey_Pavlov_vk_profileUITests.swift */; };
		DA5159FE2827B531000341B8 /* Aleksey_Pavlov_vk_profileUITestsLaunchTests.swift in Sources */ = {isa = PBXBuildFile; fileRef = DA5159FD2827B531000341B8 /* Aleksey_Pavlov_vk_profileUITestsLaunchTests.swift */; };
/* End PBXBuildFile section */

/* Begin PBXContainerItemProxy section */
		DA5159EE2827B531000341B8 /* PBXContainerItemProxy */ = {
			isa = PBXContainerItemProxy;
			containerPortal = DA5159CC2827B52D000341B8 /* Project object */;
			proxyType = 1;
			remoteGlobalIDString = DA5159D32827B52E000341B8;
			remoteInfo = "Aleksey Pavlov vk profile";
		};
		DA5159F82827B531000341B8 /* PBXContainerItemProxy */ = {
			isa = PBXContainerItemProxy;
			containerPortal = DA5159CC2827B52D000341B8 /* Project object */;
			proxyType = 1;
			remoteGlobalIDString = DA5159D32827B52E000341B8;
			remoteInfo = "Aleksey Pavlov vk profile";
		};
/* End PBXContainerItemProxy section */

/* Begin PBXFileReference section */
		DA5159D42827B52E000341B8 /* Aleksey Pavlov vk profile.app */ = {isa = PBXFileReference; explicitFileType = wrapper.application; includeInIndex = 0; path = "Aleksey Pavlov vk profile.app"; sourceTree = BUILT_PRODUCTS_DIR; };
		DA5159D72827B52E000341B8 /* AppDelegate.swift */ = {isa = PBXFileReference; lastKnownFileType = sourcecode.swift; path = AppDelegate.swift; sourceTree = "<group>"; };
		DA5159D92827B52E000341B8 /* SceneDelegate.swift */ = {isa = PBXFileReference; lastKnownFileType = sourcecode.swift; path = SceneDelegate.swift; sourceTree = "<group>"; };
		DA5159DB2827B52E000341B8 /* ViewController.swift */ = {isa = PBXFileReference; lastKnownFileType = sourcecode.swift; path = ViewController.swift; sourceTree = "<group>"; };
		DA5159DE2827B52E000341B8 /* Base */ = {isa = PBXFileReference; lastKnownFileType = file.storyboard; name = Base; path = Base.lproj/Main.storyboard; sourceTree = "<group>"; };
		DA5159E12827B52E000341B8 /* Aleksey_Pavlov_vk_profile.xcdatamodel */ = {isa = PBXFileReference; lastKnownFileType = wrapper.xcdatamodel; path = Aleksey_Pavlov_vk_profile.xcdatamodel; sourceTree = "<group>"; };
		DA5159E32827B531000341B8 /* Assets.xcassets */ = {isa = PBXFileReference; lastKnownFileType = folder.assetcatalog; path = Assets.xcassets; sourceTree = "<group>"; };
		DA5159E62827B531000341B8 /* Base */ = {isa = PBXFileReference; lastKnownFileType = file.storyboard; name = Base; path = Base.lproj/LaunchScreen.storyboard; sourceTree = "<group>"; };
		DA5159E82827B531000341B8 /* Info.plist */ = {isa = PBXFileReference; lastKnownFileType = text.plist.xml; path = Info.plist; sourceTree = "<group>"; };
		DA5159ED2827B531000341B8 /* Aleksey Pavlov vk profileTests.xctest */ = {isa = PBXFileReference; explicitFileType = wrapper.cfbundle; includeInIndex = 0; path = "Aleksey Pavlov vk profileTests.xctest"; sourceTree = BUILT_PRODUCTS_DIR; };
		DA5159F12827B531000341B8 /* Aleksey_Pavlov_vk_profileTests.swift */ = {isa = PBXFileReference; lastKnownFileType = sourcecode.swift; path = Aleksey_Pavlov_vk_profileTests.swift; sourceTree = "<group>"; };
		DA5159F72827B531000341B8 /* Aleksey Pavlov vk profileUITests.xctest */ = {isa = PBXFileReference; explicitFileType = wrapper.cfbundle; includeInIndex = 0; path = "Aleksey Pavlov vk profileUITests.xctest"; sourceTree = BUILT_PRODUCTS_DIR; };
		DA5159FB2827B531000341B8 /* Aleksey_Pavlov_vk_profileUITests.swift */ = {isa = PBXFileReference; lastKnownFileType = sourcecode.swift; path = Aleksey_Pavlov_vk_profileUITests.swift; sourceTree = "<group>"; };
		DA5159FD2827B531000341B8 /* Aleksey_Pavlov_vk_profileUITestsLaunchTests.swift */ = {isa = PBXFileReference; lastKnownFileType = sourcecode.swift; path = Aleksey_Pavlov_vk_profileUITestsLaunchTests.swift; sourceTree = "<group>"; };
/* End PBXFileReference section */

/* Begin PBXFrameworksBuildPhase section */
		DA5159D12827B52E000341B8 /* Frameworks */ = {
			isa = PBXFrameworksBuildPhase;
			buildActionMask = 2147483647;
			files = (
			);
			runOnlyForDeploymentPostprocessing = 0;
		};
		DA5159EA2827B531000341B8 /* Frameworks */ = {
			isa = PBXFrameworksBuildPhase;
			buildActionMask = 2147483647;
			files = (
			);
			runOnlyForDeploymentPostprocessing = 0;
		};
		DA5159F42827B531000341B8 /* Frameworks */ = {
			isa = PBXFrameworksBuildPhase;
			buildActionMask = 2147483647;
			files = (
			);
			runOnlyForDeploymentPostprocessing = 0;
		};
/* End PBXFrameworksBuildPhase section */

/* Begin PBXGroup section */
		DA5159CB2827B52D000341B8 = {
			isa = PBXGroup;
			children = (
				DA5159D62827B52E000341B8 /* Aleksey Pavlov vk profile */,
				DA5159F02827B531000341B8 /* Aleksey Pavlov vk profileTests */,
				DA5159FA2827B531000341B8 /* Aleksey Pavlov vk profileUITests */,
				DA5159D52827B52E000341B8 /* Products */,
			);
			sourceTree = "<group>";
		};
		DA5159D52827B52E000341B8 /* Products */ = {
			isa = PBXGroup;
			children = (
				DA5159D42827B52E000341B8 /* Aleksey Pavlov vk profile.app */,
				DA5159ED2827B531000341B8 /* Aleksey Pavlov vk profileTests.xctest */,
				DA5159F72827B531000341B8 /* Aleksey Pavlov vk profileUITests.xctest */,
			);
			name = Products;
			sourceTree = "<group>";
		};
		DA5159D62827B52E000341B8 /* Aleksey Pavlov vk profile */ = {
			isa = PBXGroup;
			children = (
				DA5159D72827B52E000341B8 /* AppDelegate.swift */,
				DA5159D92827B52E000341B8 /* SceneDelegate.swift */,
				DA5159DB2827B52E000341B8 /* ViewController.swift */,
				DA5159DD2827B52E000341B8 /* Main.storyboard */,
				DA5159E32827B531000341B8 /* Assets.xcassets */,
				DA5159E52827B531000341B8 /* LaunchScreen.storyboard */,
				DA5159E82827B531000341B8 /* Info.plist */,
				DA5159E02827B52E000341B8 /* Aleksey_Pavlov_vk_profile.xcdatamodeld */,
			);
			path = "Aleksey Pavlov vk profile";
			sourceTree = "<group>";
		};
		DA5159F02827B531000341B8 /* Aleksey Pavlov vk profileTests */ = {
			isa = PBXGroup;
			children = (
				DA5159F12827B531000341B8 /* Aleksey_Pavlov_vk_profileTests.swift */,
			);
			path = "Aleksey Pavlov vk profileTests";
			sourceTree = "<group>";
		};
		DA5159FA2827B531000341B8 /* Aleksey Pavlov vk profileUITests */ = {
			isa = PBXGroup;
			children = (
				DA5159FB2827B531000341B8 /* Aleksey_Pavlov_vk_profileUITests.swift */,
				DA5159FD2827B531000341B8 /* Aleksey_Pavlov_vk_profileUITestsLaunchTests.swift */,
			);
			path = "Aleksey Pavlov vk profileUITests";
			sourceTree = "<group>";
		};
/* End PBXGroup section */

/* Begin PBXNativeTarget section */
		DA5159D32827B52E000341B8 /* Aleksey Pavlov vk profile */ = {
			isa = PBXNativeTarget;
			buildConfigurationList = DA515A012827B531000341B8 /* Build configuration list for PBXNativeTarget "Aleksey Pavlov vk profile" */;
			buildPhases = (
				DA5159D02827B52E000341B8 /* Sources */,
				DA5159D12827B52E000341B8 /* Frameworks */,
				DA5159D22827B52E000341B8 /* Resources */,
			);
			buildRules = (
			);
			dependencies = (
			);
			name = "Aleksey Pavlov vk profile";
			productName = "Aleksey Pavlov vk profile";
			productReference = DA5159D42827B52E000341B8 /* Aleksey Pavlov vk profile.app */;
			productType = "com.apple.product-type.application";
		};
		DA5159EC2827B531000341B8 /* Aleksey Pavlov vk profileTests */ = {
			isa = PBXNativeTarget;
			buildConfigurationList = DA515A042827B531000341B8 /* Build configuration list for PBXNativeTarget "Aleksey Pavlov vk profileTests" */;
			buildPhases = (
				DA5159E92827B531000341B8 /* Sources */,
				DA5159EA2827B531000341B8 /* Frameworks */,
				DA5159EB2827B531000341B8 /* Resources */,
			);
			buildRules = (
			);
			dependencies = (
				DA5159EF2827B531000341B8 /* PBXTargetDependency */,
			);
			name = "Aleksey Pavlov vk profileTests";
			productName = "Aleksey Pavlov vk profileTests";
			productReference = DA5159ED2827B531000341B8 /* Aleksey Pavlov vk profileTests.xctest */;
			productType = "com.apple.product-type.bundle.unit-test";
		};
		DA5159F62827B531000341B8 /* Aleksey Pavlov vk profileUITests */ = {
			isa = PBXNativeTarget;
			buildConfigurationList = DA515A072827B531000341B8 /* Build configuration list for PBXNativeTarget "Aleksey Pavlov vk profileUITests" */;
			buildPhases = (
				DA5159F32827B531000341B8 /* Sources */,
				DA5159F42827B531000341B8 /* Frameworks */,
				DA5159F52827B531000341B8 /* Resources */,
			);
			buildRules = (
			);
			dependencies = (
				DA5159F92827B531000341B8 /* PBXTargetDependency */,
			);
			name = "Aleksey Pavlov vk profileUITests";
			productName = "Aleksey Pavlov vk profileUITests";
			productReference = DA5159F72827B531000341B8 /* Aleksey Pavlov vk profileUITests.xctest */;
			productType = "com.apple.product-type.bundle.ui-testing";
		};
/* End PBXNativeTarget section */

/* Begin PBXProject section */
		DA5159CC2827B52D000341B8 /* Project object */ = {
			isa = PBXProject;
			attributes = {
				BuildIndependentTargetsInParallel = 1;
				LastSwiftUpdateCheck = 1300;
				LastUpgradeCheck = 1300;
				TargetAttributes = {
					DA5159D32827B52E000341B8 = {
						CreatedOnToolsVersion = 13.0;
					};
					DA5159EC2827B531000341B8 = {
						CreatedOnToolsVersion = 13.0;
						TestTargetID = DA5159D32827B52E000341B8;
					};
					DA5159F62827B531000341B8 = {
						CreatedOnToolsVersion = 13.0;
						TestTargetID = DA5159D32827B52E000341B8;
					};
				};
			};
			buildConfigurationList = DA5159CF2827B52D000341B8 /* Build configuration list for PBXProject "Aleksey Pavlov vk profile" */;
			compatibilityVersion = "Xcode 13.0";
			developmentRegion = en;
			hasScannedForEncodings = 0;
			knownRegions = (
				en,
				Base,
			);
			mainGroup = DA5159CB2827B52D000341B8;
			productRefGroup = DA5159D52827B52E000341B8 /* Products */;
			projectDirPath = "";
			projectRoot = "";
			targets = (
				DA5159D32827B52E000341B8 /* Aleksey Pavlov vk profile */,
				DA5159EC2827B531000341B8 /* Aleksey Pavlov vk profileTests */,
				DA5159F62827B531000341B8 /* Aleksey Pavlov vk profileUITests */,
			);
		};
/* End PBXProject section */

/* Begin PBXResourcesBuildPhase section */
		DA5159D22827B52E000341B8 /* Resources */ = {
			isa = PBXResourcesBuildPhase;
			buildActionMask = 2147483647;
			files = (
				DA5159E72827B531000341B8 /* LaunchScreen.storyboard in Resources */,
				DA5159E42827B531000341B8 /* Assets.xcassets in Resources */,
				DA5159DF2827B52E000341B8 /* Main.storyboard in Resources */,
			);
			runOnlyForDeploymentPostprocessing = 0;
		};
		DA5159EB2827B531000341B8 /* Resources */ = {
			isa = PBXResourcesBuildPhase;
			buildActionMask = 2147483647;
			files = (
			);
			runOnlyForDeploymentPostprocessing = 0;
		};
		DA5159F52827B531000341B8 /* Resources */ = {
			isa = PBXResourcesBuildPhase;
			buildActionMask = 2147483647;
			files = (
			);
			runOnlyForDeploymentPostprocessing = 0;
		};
/* End PBXResourcesBuildPhase section */

/* Begin PBXSourcesBuildPhase section */
		DA5159D02827B52E000341B8 /* Sources */ = {
			isa = PBXSourcesBuildPhase;
			buildActionMask = 2147483647;
			files = (
				DA5159DC2827B52E000341B8 /* ViewController.swift in Sources */,
				DA5159D82827B52E000341B8 /* AppDelegate.swift in Sources */,
				DA5159DA2827B52E000341B8 /* SceneDelegate.swift in Sources */,
				DA5159E22827B52E000341B8 /* Aleksey_Pavlov_vk_profile.xcdatamodeld in Sources */,
			);
			runOnlyForDeploymentPostprocessing = 0;
		};
		DA5159E92827B531000341B8 /* Sources */ = {
			isa = PBXSourcesBuildPhase;
			buildActionMask = 2147483647;
			files = (
				DA5159F22827B531000341B8 /* Aleksey_Pavlov_vk_profileTests.swift in Sources */,
			);
			runOnlyForDeploymentPostprocessing = 0;
		};
		DA5159F32827B531000341B8 /* Sources */ = {
			isa = PBXSourcesBuildPhase;
			buildActionMask = 2147483647;
			files = (
				DA5159FE2827B531000341B8 /* Aleksey_Pavlov_vk_profileUITestsLaunchTests.swift in Sources */,
				DA5159FC2827B531000341B8 /* Aleksey_Pavlov_vk_profileUITests.swift in Sources */,
			);
			runOnlyForDeploymentPostprocessing = 0;
		};
/* End PBXSourcesBuildPhase section */

/* Begin PBXTargetDependency section */
		DA5159EF2827B531000341B8 /* PBXTargetDependency */ = {
			isa = PBXTargetDependency;
			target = DA5159D32827B52E000341B8 /* Aleksey Pavlov vk profile */;
			targetProxy = DA5159EE2827B531000341B8 /* PBXContainerItemProxy */;
		};
		DA5159F92827B531000341B8 /* PBXTargetDependency */ = {
			isa = PBXTargetDependency;
			target = DA5159D32827B52E000341B8 /* Aleksey Pavlov vk profile */;
			targetProxy = DA5159F82827B531000341B8 /* PBXContainerItemProxy */;
		};
/* End PBXTargetDependency section */

/* Begin PBXVariantGroup section */
		DA5159DD2827B52E000341B8 /* Main.storyboard */ = {
			isa = PBXVariantGroup;
			children = (
				DA5159DE2827B52E000341B8 /* Base */,
			);
			name = Main.storyboard;
			sourceTree = "<group>";
		};
		DA5159E52827B531000341B8 /* LaunchScreen.storyboard */ = {
			isa = PBXVariantGroup;
			children = (
				DA5159E62827B531000341B8 /* Base */,
			);
			name = LaunchScreen.storyboard;
			sourceTree = "<group>";
		};
/* End PBXVariantGroup section */

/* Begin XCBuildConfiguration section */
		DA5159FF2827B531000341B8 /* Debug */ = {
			isa = XCBuildConfiguration;
			buildSettings = {
				ALWAYS_SEARCH_USER_PATHS = NO;
				CLANG_ANALYZER_NONNULL = YES;
				CLANG_ANALYZER_NUMBER_OBJECT_CONVERSION = YES_AGGRESSIVE;
				CLANG_CXX_LANGUAGE_STANDARD = "gnu++17";
				CLANG_CXX_LIBRARY = "libc++";
				CLANG_ENABLE_MODULES = YES;
				CLANG_ENABLE_OBJC_ARC = YES;
				CLANG_ENABLE_OBJC_WEAK = YES;
				CLANG_WARN_BLOCK_CAPTURE_AUTORELEASING = YES;
				CLANG_WARN_BOOL_CONVERSION = YES;
				CLANG_WARN_COMMA = YES;
				CLANG_WARN_CONSTANT_CONVERSION = YES;
				CLANG_WARN_DEPRECATED_OBJC_IMPLEMENTATIONS = YES;
				CLANG_WARN_DIRECT_OBJC_ISA_USAGE = YES_ERROR;
				CLANG_WARN_DOCUMENTATION_COMMENTS = YES;
				CLANG_WARN_EMPTY_BODY = YES;
				CLANG_WARN_ENUM_CONVERSION = YES;
				CLANG_WARN_INFINITE_RECURSION = YES;
				CLANG_WARN_INT_CONVERSION = YES;
				CLANG_WARN_NON_LITERAL_NULL_CONVERSION = YES;
				CLANG_WARN_OBJC_IMPLICIT_RETAIN_SELF = YES;
				CLANG_WARN_OBJC_LITERAL_CONVERSION = YES;
				CLANG_WARN_OBJC_ROOT_CLASS = YES_ERROR;
				CLANG_WARN_QUOTED_INCLUDE_IN_FRAMEWORK_HEADER = YES;
				CLANG_WARN_RANGE_LOOP_ANALYSIS = YES;
				CLANG_WARN_STRICT_PROTOTYPES = YES;
				CLANG_WARN_SUSPICIOUS_MOVE = YES;
				CLANG_WARN_UNGUARDED_AVAILABILITY = YES_AGGRESSIVE;
				CLANG_WARN_UNREACHABLE_CODE = YES;
				CLANG_WARN__DUPLICATE_METHOD_MATCH = YES;
				COPY_PHASE_STRIP = NO;
				DEBUG_INFORMATION_FORMAT = dwarf;
				ENABLE_STRICT_OBJC_MSGSEND = YES;
				ENABLE_TESTABILITY = YES;
				GCC_C_LANGUAGE_STANDARD = gnu11;
				GCC_DYNAMIC_NO_PIC = NO;
				GCC_NO_COMMON_BLOCKS = YES;
				GCC_OPTIMIZATION_LEVEL = 0;
				GCC_PREPROCESSOR_DEFINITIONS = (
					"DEBUG=1",
					"$(inherited)",
				);
				GCC_WARN_64_TO_32_BIT_CONVERSION = YES;
				GCC_WARN_ABOUT_RETURN_TYPE = YES_ERROR;
				GCC_WARN_UNDECLARED_SELECTOR = YES;
				GCC_WARN_UNINITIALIZED_AUTOS = YES_AGGRESSIVE;
				GCC_WARN_UNUSED_FUNCTION = YES;
				GCC_WARN_UNUSED_VARIABLE = YES;
				IPHONEOS_DEPLOYMENT_TARGET = 15.0;
				MTL_ENABLE_DEBUG_INFO = INCLUDE_SOURCE;
				MTL_FAST_MATH = YES;
				ONLY_ACTIVE_ARCH = YES;
				SDKROOT = iphoneos;
				SWIFT_ACTIVE_COMPILATION_CONDITIONS = DEBUG;
				SWIFT_OPTIMIZATION_LEVEL = "-Onone";
			};
			name = Debug;
		};
		DA515A002827B531000341B8 /* Release */ = {
			isa = XCBuildConfiguration;
			buildSettings = {
				ALWAYS_SEARCH_USER_PATHS = NO;
				CLANG_ANALYZER_NONNULL = YES;
				CLANG_ANALYZER_NUMBER_OBJECT_CONVERSION = YES_AGGRESSIVE;
				CLANG_CXX_LANGUAGE_STANDARD = "gnu++17";
				CLANG_CXX_LIBRARY = "libc++";
				CLANG_ENABLE_MODULES = YES;
				CLANG_ENABLE_OBJC_ARC = YES;
				CLANG_ENABLE_OBJC_WEAK = YES;
				CLANG_WARN_BLOCK_CAPTURE_AUTORELEASING = YES;
				CLANG_WARN_BOOL_CONVERSION = YES;
				CLANG_WARN_COMMA = YES;
				CLANG_WARN_CONSTANT_CONVERSION = YES;
				CLANG_WARN_DEPRECATED_OBJC_IMPLEMENTATIONS = YES;
				CLANG_WARN_DIRECT_OBJC_ISA_USAGE = YES_ERROR;
				CLANG_WARN_DOCUMENTATION_COMMENTS = YES;
				CLANG_WARN_EMPTY_BODY = YES;
				CLANG_WARN_ENUM_CONVERSION = YES;
				CLANG_WARN_INFINITE_RECURSION = YES;
				CLANG_WARN_INT_CONVERSION = YES;
				CLANG_WARN_NON_LITERAL_NULL_CONVERSION = YES;
				CLANG_WARN_OBJC_IMPLICIT_RETAIN_SELF = YES;
				CLANG_WARN_OBJC_LITERAL_CONVERSION = YES;
				CLANG_WARN_OBJC_ROOT_CLASS = YES_ERROR;
				CLANG_WARN_QUOTED_INCLUDE_IN_FRAMEWORK_HEADER = YES;
				CLANG_WARN_RANGE_LOOP_ANALYSIS = YES;
				CLANG_WARN_STRICT_PROTOTYPES = YES;
				CLANG_WARN_SUSPICIOUS_MOVE = YES;
				CLANG_WARN_UNGUARDED_AVAILABILITY = YES_AGGRESSIVE;
				CLANG_WARN_UNREACHABLE_CODE = YES;
				CLANG_WARN__DUPLICATE_METHOD_MATCH = YES;
				COPY_PHASE_STRIP = NO;
				DEBUG_INFORMATION_FORMAT = "dwarf-with-dsym";
				ENABLE_NS_ASSERTIONS = NO;
				ENABLE_STRICT_OBJC_MSGSEND = YES;
				GCC_C_LANGUAGE_STANDARD = gnu11;
				GCC_NO_COMMON_BLOCKS = YES;
				GCC_WARN_64_TO_32_BIT_CONVERSION = YES;
				GCC_WARN_ABOUT_RETURN_TYPE = YES_ERROR;
				GCC_WARN_UNDECLARED_SELECTOR = YES;
				GCC_WARN_UNINITIALIZED_AUTOS = YES_AGGRESSIVE;
				GCC_WARN_UNUSED_FUNCTION = YES;
				GCC_WARN_UNUSED_VARIABLE = YES;
				IPHONEOS_DEPLOYMENT_TARGET = 15.0;
				MTL_ENABLE_DEBUG_INFO = NO;
				MTL_FAST_MATH = YES;
				SDKROOT = iphoneos;
				SWIFT_COMPILATION_MODE = wholemodule;
				SWIFT_OPTIMIZATION_LEVEL = "-O";
				VALIDATE_PRODUCT = YES;
			};
			name = Release;
		};
		DA515A022827B531000341B8 /* Debug */ = {
			isa = XCBuildConfiguration;
			buildSettings = {
				ASSETCATALOG_COMPILER_APPICON_NAME = AppIcon;
				ASSETCATALOG_COMPILER_GLOBAL_ACCENT_COLOR_NAME = AccentColor;
				CODE_SIGN_STYLE = Automatic;
				CURRENT_PROJECT_VERSION = 1;
				DEVELOPMENT_TEAM = XZ7GUF8763;
				GENERATE_INFOPLIST_FILE = YES;
				INFOPLIST_FILE = "Aleksey Pavlov vk profile/Info.plist";
				INFOPLIST_KEY_UIApplicationSupportsIndirectInputEvents = YES;
				INFOPLIST_KEY_UILaunchStoryboardName = LaunchScreen;
				INFOPLIST_KEY_UIMainStoryboardFile = Main;
				INFOPLIST_KEY_UISupportedInterfaceOrientations_iPad = "UIInterfaceOrientationPortrait UIInterfaceOrientationPortraitUpsideDown UIInterfaceOrientationLandscapeLeft UIInterfaceOrientationLandscapeRight";
				INFOPLIST_KEY_UISupportedInterfaceOrientations_iPhone = "UIInterfaceOrientationPortrait UIInterfaceOrientationLandscapeLeft UIInterfaceOrientationLandscapeRight";
				LD_RUNPATH_SEARCH_PATHS = (
					"$(inherited)",
					"@executable_path/Frameworks",
				);
				MARKETING_VERSION = 1.0;
				PRODUCT_BUNDLE_IDENTIFIER = "mobdev.Aleksey-Pavlov-vk-profile";
				PRODUCT_NAME = "$(TARGET_NAME)";
				SWIFT_EMIT_LOC_STRINGS = YES;
				SWIFT_VERSION = 5.0;
				TARGETED_DEVICE_FAMILY = 1;
			};
			name = Debug;
		};
		DA515A032827B531000341B8 /* Release */ = {
			isa = XCBuildConfiguration;
			buildSettings = {
				ASSETCATALOG_COMPILER_APPICON_NAME = AppIcon;
				ASSETCATALOG_COMPILER_GLOBAL_ACCENT_COLOR_NAME = AccentColor;
				CODE_SIGN_STYLE = Automatic;
				CURRENT_PROJECT_VERSION = 1;
				DEVELOPMENT_TEAM = XZ7GUF8763;
				GENERATE_INFOPLIST_FILE = YES;
				INFOPLIST_FILE = "Aleksey Pavlov vk profile/Info.plist";
				INFOPLIST_KEY_UIApplicationSupportsIndirectInputEvents = YES;
				INFOPLIST_KEY_UILaunchStoryboardName = LaunchScreen;
				INFOPLIST_KEY_UIMainStoryboardFile = Main;
				INFOPLIST_KEY_UISupportedInterfaceOrientations_iPad = "UIInterfaceOrientationPortrait UIInterfaceOrientationPortraitUpsideDown UIInterfaceOrientationLandscapeLeft UIInterfaceOrientationLandscapeRight";
				INFOPLIST_KEY_UISupportedInterfaceOrientations_iPhone = "UIInterfaceOrientationPortrait UIInterfaceOrientationLandscapeLeft UIInterfaceOrientationLandscapeRight";
				LD_RUNPATH_SEARCH_PATHS = (
					"$(inherited)",
					"@executable_path/Frameworks",
				);
				MARKETING_VERSION = 1.0;
				PRODUCT_BUNDLE_IDENTIFIER = "mobdev.Aleksey-Pavlov-vk-profile";
				PRODUCT_NAME = "$(TARGET_NAME)";
				SWIFT_EMIT_LOC_STRINGS = YES;
				SWIFT_VERSION = 5.0;
				TARGETED_DEVICE_FAMILY = 1;
			};
			name = Release;
		};
		DA515A052827B531000341B8 /* Debug */ = {
			isa = XCBuildConfiguration;
			buildSettings = {
				ALWAYS_EMBED_SWIFT_STANDARD_LIBRARIES = YES;
				BUNDLE_LOADER = "$(TEST_HOST)";
				CODE_SIGN_STYLE = Automatic;
				CURRENT_PROJECT_VERSION = 1;
				DEVELOPMENT_TEAM = XZ7GUF8763;
				GENERATE_INFOPLIST_FILE = YES;
				IPHONEOS_DEPLOYMENT_TARGET = 15.0;
				LD_RUNPATH_SEARCH_PATHS = (
					"$(inherited)",
					"@executable_path/Frameworks",
					"@loader_path/Frameworks",
				);
				MARKETING_VERSION = 1.0;
				PRODUCT_BUNDLE_IDENTIFIER = "mobdev.Aleksey-Pavlov-vk-profileTests";
				PRODUCT_NAME = "$(TARGET_NAME)";
				SWIFT_EMIT_LOC_STRINGS = NO;
				SWIFT_VERSION = 5.0;
				TARGETED_DEVICE_FAMILY = "1,2";
				TEST_HOST = "$(BUILT_PRODUCTS_DIR)/Aleksey Pavlov vk profile.app/Aleksey Pavlov vk profile";
			};
			name = Debug;
		};
		DA515A062827B531000341B8 /* Release */ = {
			isa = XCBuildConfiguration;
			buildSettings = {
				ALWAYS_EMBED_SWIFT_STANDARD_LIBRARIES = YES;
				BUNDLE_LOADER = "$(TEST_HOST)";
				CODE_SIGN_STYLE = Automatic;
				CURRENT_PROJECT_VERSION = 1;
				DEVELOPMENT_TEAM = XZ7GUF8763;
				GENERATE_INFOPLIST_FILE = YES;
				IPHONEOS_DEPLOYMENT_TARGET = 15.0;
				LD_RUNPATH_SEARCH_PATHS = (
					"$(inherited)",
					"@executable_path/Frameworks",
					"@loader_path/Frameworks",
				);
				MARKETING_VERSION = 1.0;
				PRODUCT_BUNDLE_IDENTIFIER = "mobdev.Aleksey-Pavlov-vk-profileTests";
				PRODUCT_NAME = "$(TARGET_NAME)";
				SWIFT_EMIT_LOC_STRINGS = NO;
				SWIFT_VERSION = 5.0;
				TARGETED_DEVICE_FAMILY = "1,2";
				TEST_HOST = "$(BUILT_PRODUCTS_DIR)/Aleksey Pavlov vk profile.app/Aleksey Pavlov vk profile";
			};
			name = Release;
		};
		DA515A082827B531000341B8 /* Debug */ = {
			isa = XCBuildConfiguration;
			buildSettings = {
				ALWAYS_EMBED_SWIFT_STANDARD_LIBRARIES = YES;
				CODE_SIGN_STYLE = Automatic;
				CURRENT_PROJECT_VERSION = 1;
				DEVELOPMENT_TEAM = XZ7GUF8763;
				GENERATE_INFOPLIST_FILE = YES;
				LD_RUNPATH_SEARCH_PATHS = (
					"$(inherited)",
					"@executable_path/Frameworks",
					"@loader_path/Frameworks",
				);
				MARKETING_VERSION = 1.0;
				PRODUCT_BUNDLE_IDENTIFIER = "mobdev.Aleksey-Pavlov-vk-profileUITests";
				PRODUCT_NAME = "$(TARGET_NAME)";
				SWIFT_EMIT_LOC_STRINGS = NO;
				SWIFT_VERSION = 5.0;
				TARGETED_DEVICE_FAMILY = "1,2";
				TEST_TARGET_NAME = "Aleksey Pavlov vk profile";
			};
			name = Debug;
		};
		DA515A092827B531000341B8 /* Release */ = {
			isa = XCBuildConfiguration;
			buildSettings = {
				ALWAYS_EMBED_SWIFT_STANDARD_LIBRARIES = YES;
				CODE_SIGN_STYLE = Automatic;
				CURRENT_PROJECT_VERSION = 1;
				DEVELOPMENT_TEAM = XZ7GUF8763;
				GENERATE_INFOPLIST_FILE = YES;
				LD_RUNPATH_SEARCH_PATHS = (
					"$(inherited)",
					"@executable_path/Frameworks",
					"@loader_path/Frameworks",
				);
				MARKETING_VERSION = 1.0;
				PRODUCT_BUNDLE_IDENTIFIER = "mobdev.Aleksey-Pavlov-vk-profileUITests";
				PRODUCT_NAME = "$(TARGET_NAME)";
				SWIFT_EMIT_LOC_STRINGS = NO;
				SWIFT_VERSION = 5.0;
				TARGETED_DEVICE_FAMILY = "1,2";
				TEST_TARGET_NAME = "Aleksey Pavlov vk profile";
			};
			name = Release;
		};
/* End XCBuildConfiguration section */

/* Begin XCConfigurationList section */
		DA5159CF2827B52D000341B8 /* Build configuration list for PBXProject "Aleksey Pavlov vk profile" */ = {
			isa = XCConfigurationList;
			buildConfigurations = (
				DA5159FF2827B531000341B8 /* Debug */,
				DA515A002827B531000341B8 /* Release */,
			);
			defaultConfigurationIsVisible = 0;
			defaultConfigurationName = Release;
		};
		DA515A012827B531000341B8 /* Build configuration list for PBXNativeTarget "Aleksey Pavlov vk profile" */ = {
			isa = XCConfigurationList;
			buildConfigurations = (
				DA515A022827B531000341B8 /* Debug */,
				DA515A032827B531000341B8 /* Release */,
			);
			defaultConfigurationIsVisible = 0;
			defaultConfigurationName = Release;
		};
		DA515A042827B531000341B8 /* Build configuration list for PBXNativeTarget "Aleksey Pavlov vk profileTests" */ = {
			isa = XCConfigurationList;
			buildConfigurations = (
				DA515A052827B531000341B8 /* Debug */,
				DA515A062827B531000341B8 /* Release */,
			);
			defaultConfigurationIsVisible = 0;
			defaultConfigurationName = Release;
		};
		DA515A072827B531000341B8 /* Build configuration list for PBXNativeTarget "Aleksey Pavlov vk profileUITests" */ = {
			isa = XCConfigurationList;
			buildConfigurations = (
				DA515A082827B531000341B8 /* Debug */,
				DA515A092827B531000341B8 /* Release */,
			);
			defaultConfigurationIsVisible = 0;
			defaultConfigurationName = Release;
		};
/* End XCConfigurationList section */

/* Begin XCVersionGroup section */
		DA5159E02827B52E000341B8 /* Aleksey_Pavlov_vk_profile.xcdatamodeld */ = {
			isa = XCVersionGroup;
			children = (
				DA5159E12827B52E000341B8 /* Aleksey_Pavlov_vk_profile.xcdatamodel */,
			);
			currentVersion = DA5159E12827B52E000341B8 /* Aleksey_Pavlov_vk_profile.xcdatamodel */;
			path = Aleksey_Pavlov_vk_profile.xcdatamodeld;
			sourceTree = "<group>";
			versionGroupType = wrapper.xcdatamodel;
		};
/* End XCVersionGroup section */
	};
	rootObject = DA5159CC2827B52D000341B8 /* Project object */;
}
